# This file is automatically @generated by Cargo.
# It is not intended for manual editing.
version = 3

[[package]]
name = "anyhow"
version = "1.0.50"
source = "registry+https://github.com/rust-lang/crates.io-index"
checksum = "ecc78c299ae753905840c5d3ba036c51f61ce5a98a83f98d9c9d29dffd427f71"

[[package]]
name = "rs-complete"
version = "1.2.0"
dependencies = [
 "anyhow",
]
