# This file is automatically @generated by Cargo.
# It is not intended for manual editing.
version = 3

[[package]]
name = "anyhow"
version = "1.0.60"
source = "registry+https://github.com/rust-lang/crates.io-index"
checksum = "c794e162a5eff65c72ef524dfe393eb923c354e350bb78b9c7383df13f3bc142"

[[package]]
name = "rs-complete"
version = "1.2.0"
dependencies = [
 "anyhow",
]
