# This file is automatically @generated by Cargo.
# It is not intended for manual editing.
version = 3

[[package]]
name = "anyhow"
version = "1.0.74"
source = "registry+https://github.com/rust-lang/crates.io-index"
checksum = "8c6f84b74db2535ebae81eede2f39b947dcbf01d093ae5f791e5dd414a1bf289"

[[package]]
name = "rs-complete"
version = "1.3.1"
dependencies = [
 "anyhow",
]
